
Microsoft Visual Studio Solution File, Format Version 12.00
# Visual Studio Version 17
VisualStudioVersion = 17.2.32616.157
MinimumVisualStudioVersion = 10.0.40219.1
Project("{FAE04EC0-301F-11D3-BF4B-00C04F79EFBC}") = "deneme4", "deneme4\deneme4.csproj", "{618BFE8B-C20D-4EED-AE83-615D84CFB4E6}"
EndProject
Global
	GlobalSection(SolutionConfigurationPlatforms) = preSolution
		Debug|Any CPU = Debug|Any CPU
		Release|Any CPU = Release|Any CPU
	EndGlobalSection
	GlobalSection(ProjectConfigurationPlatforms) = postSolution
		{618BFE8B-C20D-4EED-AE83-615D84CFB4E6}.Debug|Any CPU.ActiveCfg = Debug|Any CPU
		{618BFE8B-C20D-4EED-AE83-615D84CFB4E6}.Debug|Any CPU.Build.0 = Debug|Any CPU
		{618BFE8B-C20D-4EED-AE83-615D84CFB4E6}.Release|Any CPU.ActiveCfg = Release|Any CPU
		{618BFE8B-C20D-4EED-AE83-615D84CFB4E6}.Release|Any CPU.Build.0 = Release|Any CPU
	EndGlobalSection
	GlobalSection(SolutionProperties) = preSolution
		HideSolutionNode = FALSE
	EndGlobalSection
	GlobalSection(ExtensibilityGlobals) = postSolution
		SolutionGuid = {EB91F729-9611-4FA2-9206-4022B4320FDC}
	EndGlobalSection
EndGlobal
